
Microsoft Visual Studio Solution File, Format Version 12.00
# Visual Studio 15
VisualStudioVersion = 15.0.26124.0
MinimumVisualStudioVersion = 15.0.26124.0
Project("{FAE04EC0-301F-11D3-BF4B-00C04F79EFBC}") = "RLEngine.Core", "RLEngine.Core\RLEngine.Core.csproj", "{73A038A3-C4C4-4316-A837-6805B8ADE4DB}"
EndProject
Project("{FAE04EC0-301F-11D3-BF4B-00C04F79EFBC}") = "RLEngine.Tests", "RLEngine.Tests\RLEngine.Tests.csproj", "{D271958E-2480-4C37-B15E-10D0948985F1}"
EndProject
Project("{FAE04EC0-301F-11D3-BF4B-00C04F79EFBC}") = "RLEngine.Yaml", "RLEngine.Yaml\RLEngine.Yaml.csproj", "{6632BB3A-B682-4CC2-B599-EEA13B3D2D57}"
EndProject
Project("{FAE04EC0-301F-11D3-BF4B-00C04F79EFBC}") = "RLEngine.Runner", "RLEngine.Runner\RLEngine.Runner.csproj", "{E3656781-FE04-4925-BBA1-818A8BD18341}"
EndProject
Global
	GlobalSection(SolutionConfigurationPlatforms) = preSolution
		Debug|Any CPU = Debug|Any CPU
		Debug|x64 = Debug|x64
		Debug|x86 = Debug|x86
		Release|Any CPU = Release|Any CPU
		Release|x64 = Release|x64
		Release|x86 = Release|x86
	EndGlobalSection
	GlobalSection(SolutionProperties) = preSolution
		HideSolutionNode = FALSE
	EndGlobalSection
	GlobalSection(ProjectConfigurationPlatforms) = postSolution
		{73A038A3-C4C4-4316-A837-6805B8ADE4DB}.Debug|Any CPU.ActiveCfg = Debug|Any CPU
		{73A038A3-C4C4-4316-A837-6805B8ADE4DB}.Debug|Any CPU.Build.0 = Debug|Any CPU
		{73A038A3-C4C4-4316-A837-6805B8ADE4DB}.Debug|x64.ActiveCfg = Debug|Any CPU
		{73A038A3-C4C4-4316-A837-6805B8ADE4DB}.Debug|x64.Build.0 = Debug|Any CPU
		{73A038A3-C4C4-4316-A837-6805B8ADE4DB}.Debug|x86.ActiveCfg = Debug|Any CPU
		{73A038A3-C4C4-4316-A837-6805B8ADE4DB}.Debug|x86.Build.0 = Debug|Any CPU
		{73A038A3-C4C4-4316-A837-6805B8ADE4DB}.Release|Any CPU.ActiveCfg = Release|Any CPU
		{73A038A3-C4C4-4316-A837-6805B8ADE4DB}.Release|Any CPU.Build.0 = Release|Any CPU
		{73A038A3-C4C4-4316-A837-6805B8ADE4DB}.Release|x64.ActiveCfg = Release|Any CPU
		{73A038A3-C4C4-4316-A837-6805B8ADE4DB}.Release|x64.Build.0 = Release|Any CPU
		{73A038A3-C4C4-4316-A837-6805B8ADE4DB}.Release|x86.ActiveCfg = Release|Any CPU
		{73A038A3-C4C4-4316-A837-6805B8ADE4DB}.Release|x86.Build.0 = Release|Any CPU
		{D271958E-2480-4C37-B15E-10D0948985F1}.Debug|Any CPU.ActiveCfg = Debug|Any CPU
		{D271958E-2480-4C37-B15E-10D0948985F1}.Debug|Any CPU.Build.0 = Debug|Any CPU
		{D271958E-2480-4C37-B15E-10D0948985F1}.Debug|x64.ActiveCfg = Debug|Any CPU
		{D271958E-2480-4C37-B15E-10D0948985F1}.Debug|x64.Build.0 = Debug|Any CPU
		{D271958E-2480-4C37-B15E-10D0948985F1}.Debug|x86.ActiveCfg = Debug|Any CPU
		{D271958E-2480-4C37-B15E-10D0948985F1}.Debug|x86.Build.0 = Debug|Any CPU
		{D271958E-2480-4C37-B15E-10D0948985F1}.Release|Any CPU.ActiveCfg = Release|Any CPU
		{D271958E-2480-4C37-B15E-10D0948985F1}.Release|Any CPU.Build.0 = Release|Any CPU
		{D271958E-2480-4C37-B15E-10D0948985F1}.Release|x64.ActiveCfg = Release|Any CPU
		{D271958E-2480-4C37-B15E-10D0948985F1}.Release|x64.Build.0 = Release|Any CPU
		{D271958E-2480-4C37-B15E-10D0948985F1}.Release|x86.ActiveCfg = Release|Any CPU
		{D271958E-2480-4C37-B15E-10D0948985F1}.Release|x86.Build.0 = Release|Any CPU
		{6632BB3A-B682-4CC2-B599-EEA13B3D2D57}.Debug|Any CPU.ActiveCfg = Debug|Any CPU
		{6632BB3A-B682-4CC2-B599-EEA13B3D2D57}.Debug|Any CPU.Build.0 = Debug|Any CPU
		{6632BB3A-B682-4CC2-B599-EEA13B3D2D57}.Debug|x64.ActiveCfg = Debug|Any CPU
		{6632BB3A-B682-4CC2-B599-EEA13B3D2D57}.Debug|x64.Build.0 = Debug|Any CPU
		{6632BB3A-B682-4CC2-B599-EEA13B3D2D57}.Debug|x86.ActiveCfg = Debug|Any CPU
		{6632BB3A-B682-4CC2-B599-EEA13B3D2D57}.Debug|x86.Build.0 = Debug|Any CPU
		{6632BB3A-B682-4CC2-B599-EEA13B3D2D57}.Release|Any CPU.ActiveCfg = Release|Any CPU
		{6632BB3A-B682-4CC2-B599-EEA13B3D2D57}.Release|Any CPU.Build.0 = Release|Any CPU
		{6632BB3A-B682-4CC2-B599-EEA13B3D2D57}.Release|x64.ActiveCfg = Release|Any CPU
		{6632BB3A-B682-4CC2-B599-EEA13B3D2D57}.Release|x64.Build.0 = Release|Any CPU
		{6632BB3A-B682-4CC2-B599-EEA13B3D2D57}.Release|x86.ActiveCfg = Release|Any CPU
		{6632BB3A-B682-4CC2-B599-EEA13B3D2D57}.Release|x86.Build.0 = Release|Any CPU
		{E3656781-FE04-4925-BBA1-818A8BD18341}.Debug|Any CPU.ActiveCfg = Debug|Any CPU
		{E3656781-FE04-4925-BBA1-818A8BD18341}.Debug|Any CPU.Build.0 = Debug|Any CPU
		{E3656781-FE04-4925-BBA1-818A8BD18341}.Debug|x64.ActiveCfg = Debug|Any CPU
		{E3656781-FE04-4925-BBA1-818A8BD18341}.Debug|x64.Build.0 = Debug|Any CPU
		{E3656781-FE04-4925-BBA1-818A8BD18341}.Debug|x86.ActiveCfg = Debug|Any CPU
		{E3656781-FE04-4925-BBA1-818A8BD18341}.Debug|x86.Build.0 = Debug|Any CPU
		{E3656781-FE04-4925-BBA1-818A8BD18341}.Release|Any CPU.ActiveCfg = Release|Any CPU
		{E3656781-FE04-4925-BBA1-818A8BD18341}.Release|Any CPU.Build.0 = Release|Any CPU
		{E3656781-FE04-4925-BBA1-818A8BD18341}.Release|x64.ActiveCfg = Release|Any CPU
		{E3656781-FE04-4925-BBA1-818A8BD18341}.Release|x64.Build.0 = Release|Any CPU
		{E3656781-FE04-4925-BBA1-818A8BD18341}.Release|x86.ActiveCfg = Release|Any CPU
		{E3656781-FE04-4925-BBA1-818A8BD18341}.Release|x86.Build.0 = Release|Any CPU
	EndGlobalSection
EndGlobal
